
Microsoft Visual Studio Solution File, Format Version 12.00
# Visual Studio Version 16
VisualStudioVersion = 16.0.31005.135
MinimumVisualStudioVersion = 10.0.40219.1
Project("{FAE04EC0-301F-11D3-BF4B-00C04F79EFBC}") = "SalesWebMvc", "SalesWebMvc\SalesWebMvc.csproj", "{6E7298D6-7B96-4814-9400-9FFF215EF518}"
EndProject
Global
	GlobalSection(SolutionConfigurationPlatforms) = preSolution
		Debug|Any CPU = Debug|Any CPU
		Release|Any CPU = Release|Any CPU
	EndGlobalSection
	GlobalSection(ProjectConfigurationPlatforms) = postSolution
		{6E7298D6-7B96-4814-9400-9FFF215EF518}.Debug|Any CPU.ActiveCfg = Debug|Any CPU
		{6E7298D6-7B96-4814-9400-9FFF215EF518}.Debug|Any CPU.Build.0 = Debug|Any CPU
		{6E7298D6-7B96-4814-9400-9FFF215EF518}.Release|Any CPU.ActiveCfg = Release|Any CPU
		{6E7298D6-7B96-4814-9400-9FFF215EF518}.Release|Any CPU.Build.0 = Release|Any CPU
	EndGlobalSection
	GlobalSection(SolutionProperties) = preSolution
		HideSolutionNode = FALSE
	EndGlobalSection
	GlobalSection(ExtensibilityGlobals) = postSolution
		SolutionGuid = {9928F16B-C8B9-4AFA-8C6D-626E7BA18766}
	EndGlobalSection
EndGlobal
